// !$*UTF8*$!
{
	archiveVersion = 1;
	classes = {
	};
	objectVersion = 46;
	objects = {

/* Begin PBXBuildFile section */
		F66A169217AAAD0C008AC73D /* main.cpp in Sources */ = {isa = PBXBuildFile; fileRef = F66A169117AAAD0C008AC73D /* main.cpp */; };
		F66A169417AAAD0C008AC73D /* SingleList.1 in CopyFiles */ = {isa = PBXBuildFile; fileRef = F66A169317AAAD0C008AC73D /* SingleList.1 */; };
/* End PBXBuildFile section */

/* Begin PBXCopyFilesBuildPhase section */
		F66A168C17AAAD0C008AC73D /* CopyFiles */ = {
			isa = PBXCopyFilesBuildPhase;
			buildActionMask = 2147483647;
			dstPath = /usr/share/man/man1/;
			dstSubfolderSpec = 0;
			files = (
				F66A169417AAAD0C008AC73D /* SingleList.1 in CopyFiles */,
			);
			runOnlyForDeploymentPostprocessing = 1;
		};
/* End PBXCopyFilesBuildPhase section */

/* Begin PBXFileReference section */
		F66A168E17AAAD0C008AC73D /* SingleList */ = {isa = PBXFileReference; explicitFileType = "compiled.mach-o.executable"; includeInIndex = 0; path = SingleList; sourceTree = BUILT_PRODUCTS_DIR; };
		F66A169117AAAD0C008AC73D /* main.cpp */ = {isa = PBXFileReference; lastKnownFileType = sourcecode.cpp.cpp; path = main.cpp; sourceTree = "<group>"; };
		F66A169317AAAD0C008AC73D /* SingleList.1 */ = {isa = PBXFileReference; lastKnownFileType = text.man; path = SingleList.1; sourceTree = "<group>"; };
		F66A169A17AAAD1E008AC73D /* ListNode.h */ = {isa = PBXFileReference; lastKnownFileType = sourcecode.c.h; path = ListNode.h; sourceTree = "<group>"; };
		F66A169B17AAAE18008AC73D /* SingleList.h */ = {isa = PBXFileReference; lastKnownFileType = sourcecode.c.h; path = SingleList.h; sourceTree = "<group>"; };
/* End PBXFileReference section */

/* Begin PBXFrameworksBuildPhase section */
		F66A168B17AAAD0C008AC73D /* Frameworks */ = {
			isa = PBXFrameworksBuildPhase;
			buildActionMask = 2147483647;
			files = (
			);
			runOnlyForDeploymentPostprocessing = 0;
		};
/* End PBXFrameworksBuildPhase section */

/* Begin PBXGroup section */
		F66A168517AAAD0C008AC73D = {
			isa = PBXGroup;
			children = (
				F66A169017AAAD0C008AC73D /* SingleList */,
				F66A168F17AAAD0C008AC73D /* Products */,
			);
			sourceTree = "<group>";
		};
		F66A168F17AAAD0C008AC73D /* Products */ = {
			isa = PBXGroup;
			children = (
				F66A168E17AAAD0C008AC73D /* SingleList */,
			);
			name = Products;
			sourceTree = "<group>";
		};
		F66A169017AAAD0C008AC73D /* SingleList */ = {
			isa = PBXGroup;
			children = (
				F66A169117AAAD0C008AC73D /* main.cpp */,
				F66A169317AAAD0C008AC73D /* SingleList.1 */,
				F66A169A17AAAD1E008AC73D /* ListNode.h */,
				F66A169B17AAAE18008AC73D /* SingleList.h */,
			);
			path = SingleList;
			sourceTree = "<group>";
		};
/* End PBXGroup section */

/* Begin PBXNativeTarget section */
		F66A168D17AAAD0C008AC73D /* SingleList */ = {
			isa = PBXNativeTarget;
			buildConfigurationList = F66A169717AAAD0C008AC73D /* Build configuration list for PBXNativeTarget "SingleList" */;
			buildPhases = (
				F66A168A17AAAD0C008AC73D /* Sources */,
				F66A168B17AAAD0C008AC73D /* Frameworks */,
				F66A168C17AAAD0C008AC73D /* CopyFiles */,
			);
			buildRules = (
			);
			dependencies = (
			);
			name = SingleList;
			productName = SingleList;
			productReference = F66A168E17AAAD0C008AC73D /* SingleList */;
			productType = "com.apple.product-type.tool";
		};
/* End PBXNativeTarget section */

/* Begin PBXProject section */
		F66A168617AAAD0C008AC73D /* Project object */ = {
			isa = PBXProject;
			attributes = {
				LastUpgradeCheck = 0460;
				ORGANIZATIONNAME = "Suo Kun";
			};
			buildConfigurationList = F66A168917AAAD0C008AC73D /* Build configuration list for PBXProject "SingleList" */;
			compatibilityVersion = "Xcode 3.2";
			developmentRegion = English;
			hasScannedForEncodings = 0;
			knownRegions = (
				en,
			);
			mainGroup = F66A168517AAAD0C008AC73D;
			productRefGroup = F66A168F17AAAD0C008AC73D /* Products */;
			projectDirPath = "";
			projectRoot = "";
			targets = (
				F66A168D17AAAD0C008AC73D /* SingleList */,
			);
		};
/* End PBXProject section */

/* Begin PBXSourcesBuildPhase section */
		F66A168A17AAAD0C008AC73D /* Sources */ = {
			isa = PBXSourcesBuildPhase;
			buildActionMask = 2147483647;
			files = (
				F66A169217AAAD0C008AC73D /* main.cpp in Sources */,
			);
			runOnlyForDeploymentPostprocessing = 0;
		};
/* End PBXSourcesBuildPhase section */

/* Begin XCBuildConfiguration section */
		F66A169517AAAD0C008AC73D /* Debug */ = {
			isa = XCBuildConfiguration;
			buildSettings = {
				ALWAYS_SEARCH_USER_PATHS = NO;
				ARCHS = "$(ARCHS_STANDARD_64_BIT)";
				CLANG_CXX_LANGUAGE_STANDARD = "gnu++0x";
				CLANG_CXX_LIBRARY = "libc++";
				CLANG_ENABLE_OBJC_ARC = YES;
				CLANG_WARN_CONSTANT_CONVERSION = YES;
				CLANG_WARN_EMPTY_BODY = YES;
				CLANG_WARN_ENUM_CONVERSION = YES;
				CLANG_WARN_INT_CONVERSION = YES;
				CLANG_WARN__DUPLICATE_METHOD_MATCH = YES;
				COPY_PHASE_STRIP = NO;
				GCC_C_LANGUAGE_STANDARD = gnu99;
				GCC_DYNAMIC_NO_PIC = NO;
				GCC_ENABLE_OBJC_EXCEPTIONS = YES;
				GCC_OPTIMIZATION_LEVEL = 0;
				GCC_PREPROCESSOR_DEFINITIONS = (
					"DEBUG=1",
					"$(inherited)",
				);
				GCC_SYMBOLS_PRIVATE_EXTERN = NO;
				GCC_WARN_64_TO_32_BIT_CONVERSION = YES;
				GCC_WARN_ABOUT_RETURN_TYPE = YES;
				GCC_WARN_UNINITIALIZED_AUTOS = YES;
				GCC_WARN_UNUSED_VARIABLE = YES;
				MACOSX_DEPLOYMENT_TARGET = 10.8;
				ONLY_ACTIVE_ARCH = YES;
				SDKROOT = macosx;
			};
			name = Debug;
		};
		F66A169617AAAD0C008AC73D /* Release */ = {
			isa = XCBuildConfiguration;
			buildSettings = {
				ALWAYS_SEARCH_USER_PATHS = NO;
				ARCHS = "$(ARCHS_STANDARD_64_BIT)";
				CLANG_CXX_LANGUAGE_STANDARD = "gnu++0x";
				CLANG_CXX_LIBRARY = "libc++";
				CLANG_ENABLE_OBJC_ARC = YES;
				CLANG_WARN_CONSTANT_CONVERSION = YES;
				CLANG_WARN_EMPTY_BODY = YES;
				CLANG_WARN_ENUM_CONVERSION = YES;
				CLANG_WARN_INT_CONVERSION = YES;
				CLANG_WARN__DUPLICATE_METHOD_MATCH = YES;
				COPY_PHASE_STRIP = YES;
				DEBUG_INFORMATION_FORMAT = "dwarf-with-dsym";
				GCC_C_LANGUAGE_STANDARD = gnu99;
				GCC_ENABLE_OBJC_EXCEPTIONS = YES;
				GCC_WARN_64_TO_32_BIT_CONVERSION = YES;
				GCC_WARN_ABOUT_RETURN_TYPE = YES;
				GCC_WARN_UNINITIALIZED_AUTOS = YES;
				GCC_WARN_UNUSED_VARIABLE = YES;
				MACOSX_DEPLOYMENT_TARGET = 10.8;
				SDKROOT = macosx;
			};
			name = Release;
		};
		F66A169817AAAD0C008AC73D /* Debug */ = {
			isa = XCBuildConfiguration;
			buildSettings = {
				PRODUCT_NAME = "$(TARGET_NAME)";
			};
			name = Debug;
		};
		F66A169917AAAD0C008AC73D /* Release */ = {
			isa = XCBuildConfiguration;
			buildSettings = {
				PRODUCT_NAME = "$(TARGET_NAME)";
			};
			name = Release;
		};
/* End XCBuildConfiguration section */

/* Begin XCConfigurationList section */
		F66A168917AAAD0C008AC73D /* Build configuration list for PBXProject "SingleList" */ = {
			isa = XCConfigurationList;
			buildConfigurations = (
				F66A169517AAAD0C008AC73D /* Debug */,
				F66A169617AAAD0C008AC73D /* Release */,
			);
			defaultConfigurationIsVisible = 0;
			defaultConfigurationName = Release;
		};
		F66A169717AAAD0C008AC73D /* Build configuration list for PBXNativeTarget "SingleList" */ = {
			isa = XCConfigurationList;
			buildConfigurations = (
				F66A169817AAAD0C008AC73D /* Debug */,
				F66A169917AAAD0C008AC73D /* Release */,
			);
			defaultConfigurationIsVisible = 0;
		};
/* End XCConfigurationList section */
	};
	rootObject = F66A168617AAAD0C008AC73D /* Project object */;
}
